
Microsoft Visual Studio Solution File, Format Version 12.00
# Visual Studio 15
VisualStudioVersion = 15.0.26730.16
MinimumVisualStudioVersion = 10.0.40219.1
Project("{888888A0-9F3D-457C-B088-3A5042F75D52}") = "happy_birthday", "happy_birthday\happy_birthday.pyproj", "{BCC8FF7C-93ED-458E-9BCC-A90FC19E085F}"
EndProject
Global
	GlobalSection(SolutionConfigurationPlatforms) = preSolution
		Debug|Any CPU = Debug|Any CPU
		Release|Any CPU = Release|Any CPU
	EndGlobalSection
	GlobalSection(ProjectConfigurationPlatforms) = postSolution
		{BCC8FF7C-93ED-458E-9BCC-A90FC19E085F}.Debug|Any CPU.ActiveCfg = Debug|Any CPU
		{BCC8FF7C-93ED-458E-9BCC-A90FC19E085F}.Release|Any CPU.ActiveCfg = Release|Any CPU
	EndGlobalSection
	GlobalSection(SolutionProperties) = preSolution
		HideSolutionNode = FALSE
	EndGlobalSection
	GlobalSection(ExtensibilityGlobals) = postSolution
		SolutionGuid = {28D8BB53-07B8-42AE-B1D8-E14F3A985E0D}
	EndGlobalSection
EndGlobal
